
Microsoft Visual Studio Solution File, Format Version 12.00
# Visual Studio Version 17
VisualStudioVersion = 17.14.36623.8
MinimumVisualStudioVersion = 10.0.40219.1
Project("{FAE04EC0-301F-11D3-BF4B-00C04F79EFBC}") = "TradingToolsRazor", "TradingToolsRazor\TradingToolsRazor.csproj", "{08CD3757-4C4F-4ED7-BF0B-D687BDE352C4}"
EndProject
Project("{FAE04EC0-301F-11D3-BF4B-00C04F79EFBC}") = "Utilities", "Utilities\Utilities.csproj", "{4A61D836-72A7-4A67-9137-F014FD07EC8F}"
EndProject
Project("{FAE04EC0-301F-11D3-BF4B-00C04F79EFBC}") = "DataAccess", "DataAccess\DataAccess.csproj", "{64D742AC-46B0-4CE4-836B-6757F2D9333A}"
EndProject
Project("{FAE04EC0-301F-11D3-BF4B-00C04F79EFBC}") = "Models", "Models\Models.csproj", "{2C5D510F-373D-4492-B578-C9F8ADABC544}"
EndProject
Project("{FAE04EC0-301F-11D3-BF4B-00C04F79EFBC}") = "Shared", "Shared\Shared.csproj", "{F439EBFF-AA55-4CE9-8096-C5C33146FEE8}"
EndProject
Global
	GlobalSection(SolutionConfigurationPlatforms) = preSolution
		Debug|Any CPU = Debug|Any CPU
		Release|Any CPU = Release|Any CPU
	EndGlobalSection
	GlobalSection(ProjectConfigurationPlatforms) = postSolution
		{08CD3757-4C4F-4ED7-BF0B-D687BDE352C4}.Debug|Any CPU.ActiveCfg = Debug|Any CPU
		{08CD3757-4C4F-4ED7-BF0B-D687BDE352C4}.Debug|Any CPU.Build.0 = Debug|Any CPU
		{08CD3757-4C4F-4ED7-BF0B-D687BDE352C4}.Release|Any CPU.ActiveCfg = Release|Any CPU
		{08CD3757-4C4F-4ED7-BF0B-D687BDE352C4}.Release|Any CPU.Build.0 = Release|Any CPU
		{4A61D836-72A7-4A67-9137-F014FD07EC8F}.Debug|Any CPU.ActiveCfg = Debug|Any CPU
		{4A61D836-72A7-4A67-9137-F014FD07EC8F}.Debug|Any CPU.Build.0 = Debug|Any CPU
		{4A61D836-72A7-4A67-9137-F014FD07EC8F}.Release|Any CPU.ActiveCfg = Release|Any CPU
		{4A61D836-72A7-4A67-9137-F014FD07EC8F}.Release|Any CPU.Build.0 = Release|Any CPU
		{64D742AC-46B0-4CE4-836B-6757F2D9333A}.Debug|Any CPU.ActiveCfg = Debug|Any CPU
		{64D742AC-46B0-4CE4-836B-6757F2D9333A}.Debug|Any CPU.Build.0 = Debug|Any CPU
		{64D742AC-46B0-4CE4-836B-6757F2D9333A}.Release|Any CPU.ActiveCfg = Release|Any CPU
		{64D742AC-46B0-4CE4-836B-6757F2D9333A}.Release|Any CPU.Build.0 = Release|Any CPU
		{2C5D510F-373D-4492-B578-C9F8ADABC544}.Debug|Any CPU.ActiveCfg = Debug|Any CPU
		{2C5D510F-373D-4492-B578-C9F8ADABC544}.Debug|Any CPU.Build.0 = Debug|Any CPU
		{2C5D510F-373D-4492-B578-C9F8ADABC544}.Release|Any CPU.ActiveCfg = Release|Any CPU
		{2C5D510F-373D-4492-B578-C9F8ADABC544}.Release|Any CPU.Build.0 = Release|Any CPU
		{F439EBFF-AA55-4CE9-8096-C5C33146FEE8}.Debug|Any CPU.ActiveCfg = Debug|Any CPU
		{F439EBFF-AA55-4CE9-8096-C5C33146FEE8}.Debug|Any CPU.Build.0 = Debug|Any CPU
		{F439EBFF-AA55-4CE9-8096-C5C33146FEE8}.Release|Any CPU.ActiveCfg = Release|Any CPU
		{F439EBFF-AA55-4CE9-8096-C5C33146FEE8}.Release|Any CPU.Build.0 = Release|Any CPU
	EndGlobalSection
	GlobalSection(SolutionProperties) = preSolution
		HideSolutionNode = FALSE
	EndGlobalSection
	GlobalSection(ExtensibilityGlobals) = postSolution
		SolutionGuid = {98DBC402-05A5-4ED2-859A-C1B5E5C3AA20}
	EndGlobalSection
EndGlobal
